// !$*UTF8*$!
{
	archiveVersion = 1;
	classes = {
	};
	objectVersion = 46;
	objects = {

/* Begin PBXBuildFile section */
		AE1D86AA1D1A0DC400165B83 /* main.m in Sources */ = {isa = PBXBuildFile; fileRef = AE1D86A91D1A0DC400165B83 /* main.m */; };
		AE1D86AD1D1A0DC400165B83 /* AppDelegate.m in Sources */ = {isa = PBXBuildFile; fileRef = AE1D86AC1D1A0DC400165B83 /* AppDelegate.m */; };
		AE1D86B01D1A0DC400165B83 /* Start.m in Sources */ = {isa = PBXBuildFile; fileRef = AE1D86AF1D1A0DC400165B83 /* Start.m */; };
		AE1D86B31D1A0DC400165B83 /* Main.storyboard in Resources */ = {isa = PBXBuildFile; fileRef = AE1D86B11D1A0DC400165B83 /* Main.storyboard */; };
		AE1D86B61D1A0DC400165B83 /* Lab04_Tables.xcdatamodeld in Sources */ = {isa = PBXBuildFile; fileRef = AE1D86B41D1A0DC400165B83 /* Lab04_Tables.xcdatamodeld */; };
		AE1D86B81D1A0DC500165B83 /* Assets.xcassets in Resources */ = {isa = PBXBuildFile; fileRef = AE1D86B71D1A0DC500165B83 /* Assets.xcassets */; };
		AE1D86BB1D1A0DC500165B83 /* LaunchScreen.storyboard in Resources */ = {isa = PBXBuildFile; fileRef = AE1D86B91D1A0DC500165B83 /* LaunchScreen.storyboard */; };
		AE1D86C61D1A23D000165B83 /* Intro.m in Sources */ = {isa = PBXBuildFile; fileRef = AE1D86C51D1A23D000165B83 /* Intro.m */; };
		AE1D86C91D1A255800165B83 /* Declarations.m in Sources */ = {isa = PBXBuildFile; fileRef = AE1D86C81D1A255800165B83 /* Declarations.m */; };
		AE1D86D51D1A448700165B83 /* Home.m in Sources */ = {isa = PBXBuildFile; fileRef = AE1D86D41D1A448700165B83 /* Home.m */; };
		AE1D86DA1D1A474400165B83 /* cellGrey.m in Sources */ = {isa = PBXBuildFile; fileRef = AE1D86D81D1A474400165B83 /* cellGrey.m */; };
		AE1D86DB1D1A474400165B83 /* cellGrey.xib in Resources */ = {isa = PBXBuildFile; fileRef = AE1D86D91D1A474400165B83 /* cellGrey.xib */; };
		AE1D87231D1B8C8000165B83 /* Alex.jpg in Resources */ = {isa = PBXBuildFile; fileRef = AE1D87101D1B8C8000165B83 /* Alex.jpg */; };
		AE1D87241D1B8C8000165B83 /* April.jpg in Resources */ = {isa = PBXBuildFile; fileRef = AE1D87111D1B8C8000165B83 /* April.jpg */; };
		AE1D87251D1B8C8000165B83 /* Arizona.png in Resources */ = {isa = PBXBuildFile; fileRef = AE1D87121D1B8C8000165B83 /* Arizona.png */; };
		AE1D87261D1B8C8000165B83 /* Callie.jpg in Resources */ = {isa = PBXBuildFile; fileRef = AE1D87131D1B8C8000165B83 /* Callie.jpg */; };
		AE1D87271D1B8C8000165B83 /* Cristina.jpg in Resources */ = {isa = PBXBuildFile; fileRef = AE1D87141D1B8C8000165B83 /* Cristina.jpg */; };
		AE1D87281D1B8C8000165B83 /* Derek.jpg in Resources */ = {isa = PBXBuildFile; fileRef = AE1D87151D1B8C8000165B83 /* Derek.jpg */; };
		AE1D87291D1B8C8000165B83 /* George.png in Resources */ = {isa = PBXBuildFile; fileRef = AE1D87161D1B8C8000165B83 /* George.png */; };
		AE1D872A1D1B8C8000165B83 /* Izzie.jpg in Resources */ = {isa = PBXBuildFile; fileRef = AE1D87171D1B8C8000165B83 /* Izzie.jpg */; };
		AE1D872B1D1B8C8000165B83 /* Jackson.jpg in Resources */ = {isa = PBXBuildFile; fileRef = AE1D87181D1B8C8000165B83 /* Jackson.jpg */; };
		AE1D872C1D1B8C8000165B83 /* Jo.jpg in Resources */ = {isa = PBXBuildFile; fileRef = AE1D87191D1B8C8000165B83 /* Jo.jpg */; };
		AE1D872D1D1B8C8000165B83 /* legend.jpg in Resources */ = {isa = PBXBuildFile; fileRef = AE1D871A1D1B8C8000165B83 /* legend.jpg */; };
		AE1D872E1D1B8C8000165B83 /* Lexie.jpg in Resources */ = {isa = PBXBuildFile; fileRef = AE1D871B1D1B8C8000165B83 /* Lexie.jpg */; };
		AE1D872F1D1B8C8000165B83 /* Mark.jpg in Resources */ = {isa = PBXBuildFile; fileRef = AE1D871C1D1B8C8000165B83 /* Mark.jpg */; };
		AE1D87301D1B8C8000165B83 /* Meredith.jpg in Resources */ = {isa = PBXBuildFile; fileRef = AE1D871D1D1B8C8000165B83 /* Meredith.jpg */; };
		AE1D87311D1B8C8000165B83 /* Miranda.jpg in Resources */ = {isa = PBXBuildFile; fileRef = AE1D871E1D1B8C8000165B83 /* Miranda.jpg */; };
		AE1D87321D1B8C8000165B83 /* Owen.jpg in Resources */ = {isa = PBXBuildFile; fileRef = AE1D871F1D1B8C8000165B83 /* Owen.jpg */; };
		AE1D87331D1B8C8000165B83 /* Richard.jpg in Resources */ = {isa = PBXBuildFile; fileRef = AE1D87201D1B8C8000165B83 /* Richard.jpg */; };
		AE1D87341D1B8C8000165B83 /* seattle.jpg in Resources */ = {isa = PBXBuildFile; fileRef = AE1D87211D1B8C8000165B83 /* seattle.jpg */; };
		AE1D87351D1B8C8000165B83 /* tittle.png in Resources */ = {isa = PBXBuildFile; fileRef = AE1D87221D1B8C8000165B83 /* tittle.png */; };
/* End PBXBuildFile section */

/* Begin PBXFileReference section */
		AE1D86A51D1A0DC400165B83 /* Lab04 Tables.app */ = {isa = PBXFileReference; explicitFileType = wrapper.application; includeInIndex = 0; path = "Lab04 Tables.app"; sourceTree = BUILT_PRODUCTS_DIR; };
		AE1D86A91D1A0DC400165B83 /* main.m */ = {isa = PBXFileReference; lastKnownFileType = sourcecode.c.objc; path = main.m; sourceTree = "<group>"; };
		AE1D86AB1D1A0DC400165B83 /* AppDelegate.h */ = {isa = PBXFileReference; lastKnownFileType = sourcecode.c.h; path = AppDelegate.h; sourceTree = "<group>"; };
		AE1D86AC1D1A0DC400165B83 /* AppDelegate.m */ = {isa = PBXFileReference; lastKnownFileType = sourcecode.c.objc; path = AppDelegate.m; sourceTree = "<group>"; };
		AE1D86AE1D1A0DC400165B83 /* Start.h */ = {isa = PBXFileReference; lastKnownFileType = sourcecode.c.h; path = Start.h; sourceTree = "<group>"; };
		AE1D86AF1D1A0DC400165B83 /* Start.m */ = {isa = PBXFileReference; lastKnownFileType = sourcecode.c.objc; path = Start.m; sourceTree = "<group>"; };
		AE1D86B21D1A0DC400165B83 /* Base */ = {isa = PBXFileReference; lastKnownFileType = file.storyboard; name = Base; path = Base.lproj/Main.storyboard; sourceTree = "<group>"; };
		AE1D86B51D1A0DC400165B83 /* Lab04_Tables.xcdatamodel */ = {isa = PBXFileReference; lastKnownFileType = wrapper.xcdatamodel; path = Lab04_Tables.xcdatamodel; sourceTree = "<group>"; };
		AE1D86B71D1A0DC500165B83 /* Assets.xcassets */ = {isa = PBXFileReference; lastKnownFileType = folder.assetcatalog; path = Assets.xcassets; sourceTree = "<group>"; };
		AE1D86BA1D1A0DC500165B83 /* Base */ = {isa = PBXFileReference; lastKnownFileType = file.storyboard; name = Base; path = Base.lproj/LaunchScreen.storyboard; sourceTree = "<group>"; };
		AE1D86BC1D1A0DC500165B83 /* Info.plist */ = {isa = PBXFileReference; lastKnownFileType = text.plist.xml; path = Info.plist; sourceTree = "<group>"; };
		AE1D86C41D1A23D000165B83 /* Intro.h */ = {isa = PBXFileReference; fileEncoding = 4; lastKnownFileType = sourcecode.c.h; path = Intro.h; sourceTree = "<group>"; };
		AE1D86C51D1A23D000165B83 /* Intro.m */ = {isa = PBXFileReference; fileEncoding = 4; lastKnownFileType = sourcecode.c.objc; path = Intro.m; sourceTree = "<group>"; };
		AE1D86C71D1A255800165B83 /* Declarations.h */ = {isa = PBXFileReference; fileEncoding = 4; lastKnownFileType = sourcecode.c.h; path = Declarations.h; sourceTree = "<group>"; };
		AE1D86C81D1A255800165B83 /* Declarations.m */ = {isa = PBXFileReference; fileEncoding = 4; lastKnownFileType = sourcecode.c.objc; path = Declarations.m; sourceTree = "<group>"; };
		AE1D86D31D1A448700165B83 /* Home.h */ = {isa = PBXFileReference; fileEncoding = 4; lastKnownFileType = sourcecode.c.h; path = Home.h; sourceTree = "<group>"; };
		AE1D86D41D1A448700165B83 /* Home.m */ = {isa = PBXFileReference; fileEncoding = 4; lastKnownFileType = sourcecode.c.objc; path = Home.m; sourceTree = "<group>"; };
		AE1D86D71D1A474400165B83 /* cellGrey.h */ = {isa = PBXFileReference; fileEncoding = 4; lastKnownFileType = sourcecode.c.h; path = cellGrey.h; sourceTree = "<group>"; };
		AE1D86D81D1A474400165B83 /* cellGrey.m */ = {isa = PBXFileReference; fileEncoding = 4; lastKnownFileType = sourcecode.c.objc; path = cellGrey.m; sourceTree = "<group>"; };
		AE1D86D91D1A474400165B83 /* cellGrey.xib */ = {isa = PBXFileReference; fileEncoding = 4; lastKnownFileType = file.xib; path = cellGrey.xib; sourceTree = "<group>"; };
		AE1D87101D1B8C8000165B83 /* Alex.jpg */ = {isa = PBXFileReference; lastKnownFileType = image.jpeg; path = Alex.jpg; sourceTree = "<group>"; };
		AE1D87111D1B8C8000165B83 /* April.jpg */ = {isa = PBXFileReference; lastKnownFileType = image.jpeg; path = April.jpg; sourceTree = "<group>"; };
		AE1D87121D1B8C8000165B83 /* Arizona.png */ = {isa = PBXFileReference; lastKnownFileType = image.png; path = Arizona.png; sourceTree = "<group>"; };
		AE1D87131D1B8C8000165B83 /* Callie.jpg */ = {isa = PBXFileReference; lastKnownFileType = image.jpeg; path = Callie.jpg; sourceTree = "<group>"; };
		AE1D87141D1B8C8000165B83 /* Cristina.jpg */ = {isa = PBXFileReference; lastKnownFileType = image.jpeg; path = Cristina.jpg; sourceTree = "<group>"; };
		AE1D87151D1B8C8000165B83 /* Derek.jpg */ = {isa = PBXFileReference; lastKnownFileType = image.jpeg; path = Derek.jpg; sourceTree = "<group>"; };
		AE1D87161D1B8C8000165B83 /* George.png */ = {isa = PBXFileReference; lastKnownFileType = image.png; path = George.png; sourceTree = "<group>"; };
		AE1D87171D1B8C8000165B83 /* Izzie.jpg */ = {isa = PBXFileReference; lastKnownFileType = image.jpeg; path = Izzie.jpg; sourceTree = "<group>"; };
		AE1D87181D1B8C8000165B83 /* Jackson.jpg */ = {isa = PBXFileReference; lastKnownFileType = image.jpeg; path = Jackson.jpg; sourceTree = "<group>"; };
		AE1D87191D1B8C8000165B83 /* Jo.jpg */ = {isa = PBXFileReference; lastKnownFileType = image.jpeg; path = Jo.jpg; sourceTree = "<group>"; };
		AE1D871A1D1B8C8000165B83 /* legend.jpg */ = {isa = PBXFileReference; lastKnownFileType = image.jpeg; path = legend.jpg; sourceTree = "<group>"; };
		AE1D871B1D1B8C8000165B83 /* Lexie.jpg */ = {isa = PBXFileReference; lastKnownFileType = image.jpeg; path = Lexie.jpg; sourceTree = "<group>"; };
		AE1D871C1D1B8C8000165B83 /* Mark.jpg */ = {isa = PBXFileReference; lastKnownFileType = image.jpeg; path = Mark.jpg; sourceTree = "<group>"; };
		AE1D871D1D1B8C8000165B83 /* Meredith.jpg */ = {isa = PBXFileReference; lastKnownFileType = image.jpeg; path = Meredith.jpg; sourceTree = "<group>"; };
		AE1D871E1D1B8C8000165B83 /* Miranda.jpg */ = {isa = PBXFileReference; lastKnownFileType = image.jpeg; path = Miranda.jpg; sourceTree = "<group>"; };
		AE1D871F1D1B8C8000165B83 /* Owen.jpg */ = {isa = PBXFileReference; lastKnownFileType = image.jpeg; path = Owen.jpg; sourceTree = "<group>"; };
		AE1D87201D1B8C8000165B83 /* Richard.jpg */ = {isa = PBXFileReference; lastKnownFileType = image.jpeg; path = Richard.jpg; sourceTree = "<group>"; };
		AE1D87211D1B8C8000165B83 /* seattle.jpg */ = {isa = PBXFileReference; lastKnownFileType = image.jpeg; path = seattle.jpg; sourceTree = "<group>"; };
		AE1D87221D1B8C8000165B83 /* tittle.png */ = {isa = PBXFileReference; lastKnownFileType = image.png; path = tittle.png; sourceTree = "<group>"; };
/* End PBXFileReference section */

/* Begin PBXFrameworksBuildPhase section */
		AE1D86A21D1A0DC400165B83 /* Frameworks */ = {
			isa = PBXFrameworksBuildPhase;
			buildActionMask = 2147483647;
			files = (
			);
			runOnlyForDeploymentPostprocessing = 0;
		};
/* End PBXFrameworksBuildPhase section */

/* Begin PBXGroup section */
		AE1D869C1D1A0DC300165B83 = {
			isa = PBXGroup;
			children = (
				AE1D86A71D1A0DC400165B83 /* Lab04 Tables */,
				AE1D86A61D1A0DC400165B83 /* Products */,
			);
			sourceTree = "<group>";
		};
		AE1D86A61D1A0DC400165B83 /* Products */ = {
			isa = PBXGroup;
			children = (
				AE1D86A51D1A0DC400165B83 /* Lab04 Tables.app */,
			);
			name = Products;
			sourceTree = "<group>";
		};
		AE1D86A71D1A0DC400165B83 /* Lab04 Tables */ = {
			isa = PBXGroup;
			children = (
				AE1D870F1D1B8C8000165B83 /* Imgs */,
				AE1D86D61D1A470C00165B83 /* Cells */,
				AE1D86C31D1A0FB500165B83 /* Main */,
				AE1D86C21D1A0F9B00165B83 /* Controllers */,
				AE1D86B11D1A0DC400165B83 /* Main.storyboard */,
				AE1D86B71D1A0DC500165B83 /* Assets.xcassets */,
				AE1D86B91D1A0DC500165B83 /* LaunchScreen.storyboard */,
				AE1D86BC1D1A0DC500165B83 /* Info.plist */,
				AE1D86B41D1A0DC400165B83 /* Lab04_Tables.xcdatamodeld */,
				AE1D86A81D1A0DC400165B83 /* Supporting Files */,
			);
			path = "Lab04 Tables";
			sourceTree = "<group>";
		};
		AE1D86A81D1A0DC400165B83 /* Supporting Files */ = {
			isa = PBXGroup;
			children = (
				AE1D86A91D1A0DC400165B83 /* main.m */,
			);
			name = "Supporting Files";
			sourceTree = "<group>";
		};
		AE1D86C21D1A0F9B00165B83 /* Controllers */ = {
			isa = PBXGroup;
			children = (
				AE1D86AE1D1A0DC400165B83 /* Start.h */,
				AE1D86AF1D1A0DC400165B83 /* Start.m */,
				AE1D86C41D1A23D000165B83 /* Intro.h */,
				AE1D86C51D1A23D000165B83 /* Intro.m */,
				AE1D86D31D1A448700165B83 /* Home.h */,
				AE1D86D41D1A448700165B83 /* Home.m */,
			);
			name = Controllers;
			sourceTree = "<group>";
		};
		AE1D86C31D1A0FB500165B83 /* Main */ = {
			isa = PBXGroup;
			children = (
				AE1D86AB1D1A0DC400165B83 /* AppDelegate.h */,
				AE1D86AC1D1A0DC400165B83 /* AppDelegate.m */,
				AE1D86C71D1A255800165B83 /* Declarations.h */,
				AE1D86C81D1A255800165B83 /* Declarations.m */,
			);
			name = Main;
			sourceTree = "<group>";
		};
		AE1D86D61D1A470C00165B83 /* Cells */ = {
			isa = PBXGroup;
			children = (
				AE1D86D71D1A474400165B83 /* cellGrey.h */,
				AE1D86D81D1A474400165B83 /* cellGrey.m */,
				AE1D86D91D1A474400165B83 /* cellGrey.xib */,
			);
			name = Cells;
			sourceTree = "<group>";
		};
		AE1D870F1D1B8C8000165B83 /* Imgs */ = {
			isa = PBXGroup;
			children = (
				AE1D87101D1B8C8000165B83 /* Alex.jpg */,
				AE1D87111D1B8C8000165B83 /* April.jpg */,
				AE1D87121D1B8C8000165B83 /* Arizona.png */,
				AE1D87131D1B8C8000165B83 /* Callie.jpg */,
				AE1D87141D1B8C8000165B83 /* Cristina.jpg */,
				AE1D87151D1B8C8000165B83 /* Derek.jpg */,
				AE1D87161D1B8C8000165B83 /* George.png */,
				AE1D87171D1B8C8000165B83 /* Izzie.jpg */,
				AE1D87181D1B8C8000165B83 /* Jackson.jpg */,
				AE1D87191D1B8C8000165B83 /* Jo.jpg */,
				AE1D871A1D1B8C8000165B83 /* legend.jpg */,
				AE1D871B1D1B8C8000165B83 /* Lexie.jpg */,
				AE1D871C1D1B8C8000165B83 /* Mark.jpg */,
				AE1D871D1D1B8C8000165B83 /* Meredith.jpg */,
				AE1D871E1D1B8C8000165B83 /* Miranda.jpg */,
				AE1D871F1D1B8C8000165B83 /* Owen.jpg */,
				AE1D87201D1B8C8000165B83 /* Richard.jpg */,
				AE1D87211D1B8C8000165B83 /* seattle.jpg */,
				AE1D87221D1B8C8000165B83 /* tittle.png */,
			);
			path = Imgs;
			sourceTree = "<group>";
		};
/* End PBXGroup section */

/* Begin PBXNativeTarget section */
		AE1D86A41D1A0DC400165B83 /* Lab04 Tables */ = {
			isa = PBXNativeTarget;
			buildConfigurationList = AE1D86BF1D1A0DC500165B83 /* Build configuration list for PBXNativeTarget "Lab04 Tables" */;
			buildPhases = (
				AE1D86A11D1A0DC400165B83 /* Sources */,
				AE1D86A21D1A0DC400165B83 /* Frameworks */,
				AE1D86A31D1A0DC400165B83 /* Resources */,
			);
			buildRules = (
			);
			dependencies = (
			);
			name = "Lab04 Tables";
			productName = "Lab04 Tables";
			productReference = AE1D86A51D1A0DC400165B83 /* Lab04 Tables.app */;
			productType = "com.apple.product-type.application";
		};
/* End PBXNativeTarget section */

/* Begin PBXProject section */
		AE1D869D1D1A0DC300165B83 /* Project object */ = {
			isa = PBXProject;
			attributes = {
				LastUpgradeCheck = 0710;
				ORGANIZATIONNAME = Haydee;
				TargetAttributes = {
					AE1D86A41D1A0DC400165B83 = {
						CreatedOnToolsVersion = 7.1.1;
					};
				};
			};
			buildConfigurationList = AE1D86A01D1A0DC300165B83 /* Build configuration list for PBXProject "Lab04 Tables" */;
			compatibilityVersion = "Xcode 3.2";
			developmentRegion = English;
			hasScannedForEncodings = 0;
			knownRegions = (
				en,
				Base,
			);
			mainGroup = AE1D869C1D1A0DC300165B83;
			productRefGroup = AE1D86A61D1A0DC400165B83 /* Products */;
			projectDirPath = "";
			projectRoot = "";
			targets = (
				AE1D86A41D1A0DC400165B83 /* Lab04 Tables */,
			);
		};
/* End PBXProject section */

/* Begin PBXResourcesBuildPhase section */
		AE1D86A31D1A0DC400165B83 /* Resources */ = {
			isa = PBXResourcesBuildPhase;
			buildActionMask = 2147483647;
			files = (
				AE1D87241D1B8C8000165B83 /* April.jpg in Resources */,
				AE1D86BB1D1A0DC500165B83 /* LaunchScreen.storyboard in Resources */,
				AE1D87331D1B8C8000165B83 /* Richard.jpg in Resources */,
				AE1D86DB1D1A474400165B83 /* cellGrey.xib in Resources */,
				AE1D872B1D1B8C8000165B83 /* Jackson.jpg in Resources */,
				AE1D872C1D1B8C8000165B83 /* Jo.jpg in Resources */,
				AE1D872F1D1B8C8000165B83 /* Mark.jpg in Resources */,
				AE1D872A1D1B8C8000165B83 /* Izzie.jpg in Resources */,
				AE1D872D1D1B8C8000165B83 /* legend.jpg in Resources */,
				AE1D87271D1B8C8000165B83 /* Cristina.jpg in Resources */,
				AE1D87311D1B8C8000165B83 /* Miranda.jpg in Resources */,
				AE1D87301D1B8C8000165B83 /* Meredith.jpg in Resources */,
				AE1D87341D1B8C8000165B83 /* seattle.jpg in Resources */,
				AE1D87291D1B8C8000165B83 /* George.png in Resources */,
				AE1D87321D1B8C8000165B83 /* Owen.jpg in Resources */,
				AE1D87261D1B8C8000165B83 /* Callie.jpg in Resources */,
				AE1D87281D1B8C8000165B83 /* Derek.jpg in Resources */,
				AE1D87231D1B8C8000165B83 /* Alex.jpg in Resources */,
				AE1D86B81D1A0DC500165B83 /* Assets.xcassets in Resources */,
				AE1D86B31D1A0DC400165B83 /* Main.storyboard in Resources */,
				AE1D87351D1B8C8000165B83 /* tittle.png in Resources */,
				AE1D87251D1B8C8000165B83 /* Arizona.png in Resources */,
				AE1D872E1D1B8C8000165B83 /* Lexie.jpg in Resources */,
			);
			runOnlyForDeploymentPostprocessing = 0;
		};
/* End PBXResourcesBuildPhase section */

/* Begin PBXSourcesBuildPhase section */
		AE1D86A11D1A0DC400165B83 /* Sources */ = {
			isa = PBXSourcesBuildPhase;
			buildActionMask = 2147483647;
			files = (
				AE1D86C61D1A23D000165B83 /* Intro.m in Sources */,
				AE1D86B01D1A0DC400165B83 /* Start.m in Sources */,
				AE1D86C91D1A255800165B83 /* Declarations.m in Sources */,
				AE1D86AD1D1A0DC400165B83 /* AppDelegate.m in Sources */,
				AE1D86DA1D1A474400165B83 /* cellGrey.m in Sources */,
				AE1D86D51D1A448700165B83 /* Home.m in Sources */,
				AE1D86B61D1A0DC400165B83 /* Lab04_Tables.xcdatamodeld in Sources */,
				AE1D86AA1D1A0DC400165B83 /* main.m in Sources */,
			);
			runOnlyForDeploymentPostprocessing = 0;
		};
/* End PBXSourcesBuildPhase section */

/* Begin PBXVariantGroup section */
		AE1D86B11D1A0DC400165B83 /* Main.storyboard */ = {
			isa = PBXVariantGroup;
			children = (
				AE1D86B21D1A0DC400165B83 /* Base */,
			);
			name = Main.storyboard;
			sourceTree = "<group>";
		};
		AE1D86B91D1A0DC500165B83 /* LaunchScreen.storyboard */ = {
			isa = PBXVariantGroup;
			children = (
				AE1D86BA1D1A0DC500165B83 /* Base */,
			);
			name = LaunchScreen.storyboard;
			sourceTree = "<group>";
		};
/* End PBXVariantGroup section */

/* Begin XCBuildConfiguration section */
		AE1D86BD1D1A0DC500165B83 /* Debug */ = {
			isa = XCBuildConfiguration;
			buildSettings = {
				ALWAYS_SEARCH_USER_PATHS = NO;
				CLANG_CXX_LANGUAGE_STANDARD = "gnu++0x";
				CLANG_CXX_LIBRARY = "libc++";
				CLANG_ENABLE_MODULES = YES;
				CLANG_ENABLE_OBJC_ARC = YES;
				CLANG_WARN_BOOL_CONVERSION = YES;
				CLANG_WARN_CONSTANT_CONVERSION = YES;
				CLANG_WARN_DIRECT_OBJC_ISA_USAGE = YES_ERROR;
				CLANG_WARN_EMPTY_BODY = YES;
				CLANG_WARN_ENUM_CONVERSION = YES;
				CLANG_WARN_INT_CONVERSION = YES;
				CLANG_WARN_OBJC_ROOT_CLASS = YES_ERROR;
				CLANG_WARN_UNREACHABLE_CODE = YES;
				CLANG_WARN__DUPLICATE_METHOD_MATCH = YES;
				"CODE_SIGN_IDENTITY[sdk=iphoneos*]" = "iPhone Developer";
				COPY_PHASE_STRIP = NO;
				DEBUG_INFORMATION_FORMAT = dwarf;
				ENABLE_STRICT_OBJC_MSGSEND = YES;
				ENABLE_TESTABILITY = YES;
				GCC_C_LANGUAGE_STANDARD = gnu99;
				GCC_DYNAMIC_NO_PIC = NO;
				GCC_NO_COMMON_BLOCKS = YES;
				GCC_OPTIMIZATION_LEVEL = 0;
				GCC_PREPROCESSOR_DEFINITIONS = (
					"DEBUG=1",
					"$(inherited)",
				);
				GCC_WARN_64_TO_32_BIT_CONVERSION = YES;
				GCC_WARN_ABOUT_RETURN_TYPE = YES_ERROR;
				GCC_WARN_UNDECLARED_SELECTOR = YES;
				GCC_WARN_UNINITIALIZED_AUTOS = YES_AGGRESSIVE;
				GCC_WARN_UNUSED_FUNCTION = YES;
				GCC_WARN_UNUSED_VARIABLE = YES;
				IPHONEOS_DEPLOYMENT_TARGET = 9.1;
				MTL_ENABLE_DEBUG_INFO = YES;
				ONLY_ACTIVE_ARCH = YES;
				SDKROOT = iphoneos;
			};
			name = Debug;
		};
		AE1D86BE1D1A0DC500165B83 /* Release */ = {
			isa = XCBuildConfiguration;
			buildSettings = {
				ALWAYS_SEARCH_USER_PATHS = NO;
				CLANG_CXX_LANGUAGE_STANDARD = "gnu++0x";
				CLANG_CXX_LIBRARY = "libc++";
				CLANG_ENABLE_MODULES = YES;
				CLANG_ENABLE_OBJC_ARC = YES;
				CLANG_WARN_BOOL_CONVERSION = YES;
				CLANG_WARN_CONSTANT_CONVERSION = YES;
				CLANG_WARN_DIRECT_OBJC_ISA_USAGE = YES_ERROR;
				CLANG_WARN_EMPTY_BODY = YES;
				CLANG_WARN_ENUM_CONVERSION = YES;
				CLANG_WARN_INT_CONVERSION = YES;
				CLANG_WARN_OBJC_ROOT_CLASS = YES_ERROR;
				CLANG_WARN_UNREACHABLE_CODE = YES;
				CLANG_WARN__DUPLICATE_METHOD_MATCH = YES;
				"CODE_SIGN_IDENTITY[sdk=iphoneos*]" = "iPhone Developer";
				COPY_PHASE_STRIP = NO;
				DEBUG_INFORMATION_FORMAT = "dwarf-with-dsym";
				ENABLE_NS_ASSERTIONS = NO;
				ENABLE_STRICT_OBJC_MSGSEND = YES;
				GCC_C_LANGUAGE_STANDARD = gnu99;
				GCC_NO_COMMON_BLOCKS = YES;
				GCC_WARN_64_TO_32_BIT_CONVERSION = YES;
				GCC_WARN_ABOUT_RETURN_TYPE = YES_ERROR;
				GCC_WARN_UNDECLARED_SELECTOR = YES;
				GCC_WARN_UNINITIALIZED_AUTOS = YES_AGGRESSIVE;
				GCC_WARN_UNUSED_FUNCTION = YES;
				GCC_WARN_UNUSED_VARIABLE = YES;
				IPHONEOS_DEPLOYMENT_TARGET = 9.1;
				MTL_ENABLE_DEBUG_INFO = NO;
				SDKROOT = iphoneos;
				VALIDATE_PRODUCT = YES;
			};
			name = Release;
		};
		AE1D86C01D1A0DC500165B83 /* Debug */ = {
			isa = XCBuildConfiguration;
			buildSettings = {
				ASSETCATALOG_COMPILER_APPICON_NAME = AppIcon;
				INFOPLIST_FILE = "Lab04 Tables/Info.plist";
				LD_RUNPATH_SEARCH_PATHS = "$(inherited) @executable_path/Frameworks";
				PRODUCT_BUNDLE_IDENTIFIER = "com.haydee.Lab04-Tables";
				PRODUCT_NAME = "$(TARGET_NAME)";
			};
			name = Debug;
		};
		AE1D86C11D1A0DC500165B83 /* Release */ = {
			isa = XCBuildConfiguration;
			buildSettings = {
				ASSETCATALOG_COMPILER_APPICON_NAME = AppIcon;
				INFOPLIST_FILE = "Lab04 Tables/Info.plist";
				LD_RUNPATH_SEARCH_PATHS = "$(inherited) @executable_path/Frameworks";
				PRODUCT_BUNDLE_IDENTIFIER = "com.haydee.Lab04-Tables";
				PRODUCT_NAME = "$(TARGET_NAME)";
			};
			name = Release;
		};
/* End XCBuildConfiguration section */

/* Begin XCConfigurationList section */
		AE1D86A01D1A0DC300165B83 /* Build configuration list for PBXProject "Lab04 Tables" */ = {
			isa = XCConfigurationList;
			buildConfigurations = (
				AE1D86BD1D1A0DC500165B83 /* Debug */,
				AE1D86BE1D1A0DC500165B83 /* Release */,
			);
			defaultConfigurationIsVisible = 0;
			defaultConfigurationName = Release;
		};
		AE1D86BF1D1A0DC500165B83 /* Build configuration list for PBXNativeTarget "Lab04 Tables" */ = {
			isa = XCConfigurationList;
			buildConfigurations = (
				AE1D86C01D1A0DC500165B83 /* Debug */,
				AE1D86C11D1A0DC500165B83 /* Release */,
			);
			defaultConfigurationIsVisible = 0;
		};
/* End XCConfigurationList section */

/* Begin XCVersionGroup section */
		AE1D86B41D1A0DC400165B83 /* Lab04_Tables.xcdatamodeld */ = {
			isa = XCVersionGroup;
			children = (
				AE1D86B51D1A0DC400165B83 /* Lab04_Tables.xcdatamodel */,
			);
			currentVersion = AE1D86B51D1A0DC400165B83 /* Lab04_Tables.xcdatamodel */;
			path = Lab04_Tables.xcdatamodeld;
			sourceTree = "<group>";
			versionGroupType = wrapper.xcdatamodel;
		};
/* End XCVersionGroup section */
	};
	rootObject = AE1D869D1D1A0DC300165B83 /* Project object */;
}
